
Microsoft Visual Studio Solution File, Format Version 12.00
# Visual Studio Version 17
VisualStudioVersion = 17.5.33627.172
MinimumVisualStudioVersion = 10.0.40219.1
Project("{9A19103F-16F7-4668-BE54-9A1E7A4F7556}") = "Patika_.Net_C#", "Patika_.Net_C#.csproj", "{668AECC0-B375-48DB-BA3B-6F1C78BDA94C}"
EndProject
Project("{9A19103F-16F7-4668-BE54-9A1E7A4F7556}") = "Degisken", "Degisken\Degisken.csproj", "{227E5788-5146-4EB8-ADE3-1C4FBDF2BC19}"
EndProject
Project("{9A19103F-16F7-4668-BE54-9A1E7A4F7556}") = "Operatorler", "Operatorler\Operatorler.csproj", "{D5EAEF85-7B6F-44A3-BCF2-DABBEF3A1AFF}"
EndProject
Project("{9A19103F-16F7-4668-BE54-9A1E7A4F7556}") = "TipDonusumleri", "TipDonusumleri\TipDonusumleri.csproj", "{9A8BF6A2-D54A-467B-A64F-19919D69080C}"
EndProject
Project("{FAE04EC0-301F-11D3-BF4B-00C04F79EFBC}") = "HataYonetimi", "HataYonetimi\HataYonetimi.csproj", "{39F498B1-3A8F-4EE2-90A6-C8D1976834D2}"
EndProject
Project("{FAE04EC0-301F-11D3-BF4B-00C04F79EFBC}") = "If_Else_If", "If_Else_If\If_Else_If.csproj", "{4AC70178-803C-4D49-B66D-4B28ADF0F4F0}"
EndProject
Project("{FAE04EC0-301F-11D3-BF4B-00C04F79EFBC}") = "Switch-Case", "Switch-Case\Switch-Case.csproj", "{CFB95CD9-6B69-419F-B8FC-6DC2B2416BA5}"
EndProject
Project("{FAE04EC0-301F-11D3-BF4B-00C04F79EFBC}") = "donguler-for-loop-while-foreach", "donguler-for-loop-while-foreach\donguler-for-loop-while-foreach.csproj", "{09A46454-CCE1-45BB-B597-C9D46EA241B0}"
EndProject
Project("{FAE04EC0-301F-11D3-BF4B-00C04F79EFBC}") = "Diziler", "Diziler\Diziler.csproj", "{5084AB72-4F32-4744-8324-8598A2E170C1}"
EndProject
Project("{FAE04EC0-301F-11D3-BF4B-00C04F79EFBC}") = "diziler-array-sinifi-metotlari", "diziler-array-sinifi-metotlari\diziler-array-sinifi-metotlari.csproj", "{FC2CBD48-A301-403E-B4B1-1D709E1779AF}"
EndProject
Project("{FAE04EC0-301F-11D3-BF4B-00C04F79EFBC}") = "metotlar", "metotlar\metotlar.csproj", "{33A47033-532C-462C-B9FD-28C420E66086}"
EndProject
Project("{FAE04EC0-301F-11D3-BF4B-00C04F79EFBC}") = "metotlar-overloading", "metotlar-overloading\metotlar-overloading.csproj", "{08D39FBA-EC99-44B0-B564-422B343D9455}"
EndProject
Project("{FAE04EC0-301F-11D3-BF4B-00C04F79EFBC}") = "recursive-extension-metotlar", "recursive-extension-metotlar\recursive-extension-metotlar.csproj", "{55B012D2-263E-4A32-85C6-5CCF6A586E6C}"
EndProject
Project("{FAE04EC0-301F-11D3-BF4B-00C04F79EFBC}") = "odev1-algoritma-soruları", "odev1-algoritma-soruları\odev1-algoritma-soruları.csproj", "{32039CC6-4450-4322-996B-79573420376C}"
EndProject
Project("{FAE04EC0-301F-11D3-BF4B-00C04F79EFBC}") = "hazir-metotlar-string", "hazir-metotlar-string\hazir-metotlar-string.csproj", "{E1367F75-20AD-49F3-94C0-18906D84BDBC}"
EndProject
Project("{FAE04EC0-301F-11D3-BF4B-00C04F79EFBC}") = "arraylist", "arraylist\arraylist.csproj", "{34BF9832-6C6D-4427-8B33-AF815A4F42D9}"
EndProject
Project("{FAE04EC0-301F-11D3-BF4B-00C04F79EFBC}") = "hazir-metotlar-datetime", "hazir-metotlar-datetime\hazir-metotlar-datetime.csproj", "{8E54B1E5-4775-4266-B0F4-CA0E5A4BB20B}"
EndProject
Project("{FAE04EC0-301F-11D3-BF4B-00C04F79EFBC}") = "generic-list", "generic-list\generic-list.csproj", "{3751F235-F694-48F2-8778-0009F8BA8978}"
EndProject
Project("{FAE04EC0-301F-11D3-BF4B-00C04F79EFBC}") = "koleksiyonlar-odev2", "koleksiyonlar-odev2\koleksiyonlar-odev2.csproj", "{78C36458-98F0-4066-A2E7-05B3511A8923}"
EndProject
Project("{FAE04EC0-301F-11D3-BF4B-00C04F79EFBC}") = "sinif-kavrami", "sinif-kavrami\sinif-kavrami.csproj", "{34DDC3F2-8E46-403E-89F6-730A569A9F43}"
EndProject
Project("{FAE04EC0-301F-11D3-BF4B-00C04F79EFBC}") = "encapsulation", "encapsulation\encapsulation.csproj", "{9D82D14E-E9F3-4EA5-A4AF-D9A4C0F2091E}"
EndProject
Global
	GlobalSection(SolutionConfigurationPlatforms) = preSolution
		Debug|Any CPU = Debug|Any CPU
		Release|Any CPU = Release|Any CPU
	EndGlobalSection
	GlobalSection(ProjectConfigurationPlatforms) = postSolution
		{668AECC0-B375-48DB-BA3B-6F1C78BDA94C}.Debug|Any CPU.ActiveCfg = Debug|Any CPU
		{668AECC0-B375-48DB-BA3B-6F1C78BDA94C}.Debug|Any CPU.Build.0 = Debug|Any CPU
		{668AECC0-B375-48DB-BA3B-6F1C78BDA94C}.Release|Any CPU.ActiveCfg = Release|Any CPU
		{668AECC0-B375-48DB-BA3B-6F1C78BDA94C}.Release|Any CPU.Build.0 = Release|Any CPU
		{227E5788-5146-4EB8-ADE3-1C4FBDF2BC19}.Debug|Any CPU.ActiveCfg = Debug|Any CPU
		{227E5788-5146-4EB8-ADE3-1C4FBDF2BC19}.Debug|Any CPU.Build.0 = Debug|Any CPU
		{227E5788-5146-4EB8-ADE3-1C4FBDF2BC19}.Release|Any CPU.ActiveCfg = Release|Any CPU
		{227E5788-5146-4EB8-ADE3-1C4FBDF2BC19}.Release|Any CPU.Build.0 = Release|Any CPU
		{D5EAEF85-7B6F-44A3-BCF2-DABBEF3A1AFF}.Debug|Any CPU.ActiveCfg = Debug|Any CPU
		{D5EAEF85-7B6F-44A3-BCF2-DABBEF3A1AFF}.Debug|Any CPU.Build.0 = Debug|Any CPU
		{D5EAEF85-7B6F-44A3-BCF2-DABBEF3A1AFF}.Release|Any CPU.ActiveCfg = Release|Any CPU
		{D5EAEF85-7B6F-44A3-BCF2-DABBEF3A1AFF}.Release|Any CPU.Build.0 = Release|Any CPU
		{9A8BF6A2-D54A-467B-A64F-19919D69080C}.Debug|Any CPU.ActiveCfg = Debug|Any CPU
		{9A8BF6A2-D54A-467B-A64F-19919D69080C}.Debug|Any CPU.Build.0 = Debug|Any CPU
		{9A8BF6A2-D54A-467B-A64F-19919D69080C}.Release|Any CPU.ActiveCfg = Release|Any CPU
		{9A8BF6A2-D54A-467B-A64F-19919D69080C}.Release|Any CPU.Build.0 = Release|Any CPU
		{39F498B1-3A8F-4EE2-90A6-C8D1976834D2}.Debug|Any CPU.ActiveCfg = Debug|Any CPU
		{39F498B1-3A8F-4EE2-90A6-C8D1976834D2}.Debug|Any CPU.Build.0 = Debug|Any CPU
		{39F498B1-3A8F-4EE2-90A6-C8D1976834D2}.Release|Any CPU.ActiveCfg = Release|Any CPU
		{39F498B1-3A8F-4EE2-90A6-C8D1976834D2}.Release|Any CPU.Build.0 = Release|Any CPU
		{4AC70178-803C-4D49-B66D-4B28ADF0F4F0}.Debug|Any CPU.ActiveCfg = Debug|Any CPU
		{4AC70178-803C-4D49-B66D-4B28ADF0F4F0}.Debug|Any CPU.Build.0 = Debug|Any CPU
		{4AC70178-803C-4D49-B66D-4B28ADF0F4F0}.Release|Any CPU.ActiveCfg = Release|Any CPU
		{4AC70178-803C-4D49-B66D-4B28ADF0F4F0}.Release|Any CPU.Build.0 = Release|Any CPU
		{CFB95CD9-6B69-419F-B8FC-6DC2B2416BA5}.Debug|Any CPU.ActiveCfg = Debug|Any CPU
		{CFB95CD9-6B69-419F-B8FC-6DC2B2416BA5}.Debug|Any CPU.Build.0 = Debug|Any CPU
		{CFB95CD9-6B69-419F-B8FC-6DC2B2416BA5}.Release|Any CPU.ActiveCfg = Release|Any CPU
		{CFB95CD9-6B69-419F-B8FC-6DC2B2416BA5}.Release|Any CPU.Build.0 = Release|Any CPU
		{09A46454-CCE1-45BB-B597-C9D46EA241B0}.Debug|Any CPU.ActiveCfg = Debug|Any CPU
		{09A46454-CCE1-45BB-B597-C9D46EA241B0}.Debug|Any CPU.Build.0 = Debug|Any CPU
		{09A46454-CCE1-45BB-B597-C9D46EA241B0}.Release|Any CPU.ActiveCfg = Release|Any CPU
		{09A46454-CCE1-45BB-B597-C9D46EA241B0}.Release|Any CPU.Build.0 = Release|Any CPU
		{5084AB72-4F32-4744-8324-8598A2E170C1}.Debug|Any CPU.ActiveCfg = Debug|Any CPU
		{5084AB72-4F32-4744-8324-8598A2E170C1}.Debug|Any CPU.Build.0 = Debug|Any CPU
		{5084AB72-4F32-4744-8324-8598A2E170C1}.Release|Any CPU.ActiveCfg = Release|Any CPU
		{5084AB72-4F32-4744-8324-8598A2E170C1}.Release|Any CPU.Build.0 = Release|Any CPU
		{FC2CBD48-A301-403E-B4B1-1D709E1779AF}.Debug|Any CPU.ActiveCfg = Debug|Any CPU
		{FC2CBD48-A301-403E-B4B1-1D709E1779AF}.Debug|Any CPU.Build.0 = Debug|Any CPU
		{FC2CBD48-A301-403E-B4B1-1D709E1779AF}.Release|Any CPU.ActiveCfg = Release|Any CPU
		{FC2CBD48-A301-403E-B4B1-1D709E1779AF}.Release|Any CPU.Build.0 = Release|Any CPU
		{33A47033-532C-462C-B9FD-28C420E66086}.Debug|Any CPU.ActiveCfg = Debug|Any CPU
		{33A47033-532C-462C-B9FD-28C420E66086}.Debug|Any CPU.Build.0 = Debug|Any CPU
		{33A47033-532C-462C-B9FD-28C420E66086}.Release|Any CPU.ActiveCfg = Release|Any CPU
		{33A47033-532C-462C-B9FD-28C420E66086}.Release|Any CPU.Build.0 = Release|Any CPU
		{08D39FBA-EC99-44B0-B564-422B343D9455}.Debug|Any CPU.ActiveCfg = Debug|Any CPU
		{08D39FBA-EC99-44B0-B564-422B343D9455}.Debug|Any CPU.Build.0 = Debug|Any CPU
		{08D39FBA-EC99-44B0-B564-422B343D9455}.Release|Any CPU.ActiveCfg = Release|Any CPU
		{08D39FBA-EC99-44B0-B564-422B343D9455}.Release|Any CPU.Build.0 = Release|Any CPU
		{55B012D2-263E-4A32-85C6-5CCF6A586E6C}.Debug|Any CPU.ActiveCfg = Debug|Any CPU
		{55B012D2-263E-4A32-85C6-5CCF6A586E6C}.Debug|Any CPU.Build.0 = Debug|Any CPU
		{55B012D2-263E-4A32-85C6-5CCF6A586E6C}.Release|Any CPU.ActiveCfg = Release|Any CPU
		{55B012D2-263E-4A32-85C6-5CCF6A586E6C}.Release|Any CPU.Build.0 = Release|Any CPU
		{32039CC6-4450-4322-996B-79573420376C}.Debug|Any CPU.ActiveCfg = Debug|Any CPU
		{32039CC6-4450-4322-996B-79573420376C}.Debug|Any CPU.Build.0 = Debug|Any CPU
		{32039CC6-4450-4322-996B-79573420376C}.Release|Any CPU.ActiveCfg = Release|Any CPU
		{32039CC6-4450-4322-996B-79573420376C}.Release|Any CPU.Build.0 = Release|Any CPU
		{E1367F75-20AD-49F3-94C0-18906D84BDBC}.Debug|Any CPU.ActiveCfg = Debug|Any CPU
		{E1367F75-20AD-49F3-94C0-18906D84BDBC}.Debug|Any CPU.Build.0 = Debug|Any CPU
		{E1367F75-20AD-49F3-94C0-18906D84BDBC}.Release|Any CPU.ActiveCfg = Release|Any CPU
		{E1367F75-20AD-49F3-94C0-18906D84BDBC}.Release|Any CPU.Build.0 = Release|Any CPU
		{34BF9832-6C6D-4427-8B33-AF815A4F42D9}.Debug|Any CPU.ActiveCfg = Debug|Any CPU
		{34BF9832-6C6D-4427-8B33-AF815A4F42D9}.Debug|Any CPU.Build.0 = Debug|Any CPU
		{34BF9832-6C6D-4427-8B33-AF815A4F42D9}.Release|Any CPU.ActiveCfg = Release|Any CPU
		{34BF9832-6C6D-4427-8B33-AF815A4F42D9}.Release|Any CPU.Build.0 = Release|Any CPU
		{8E54B1E5-4775-4266-B0F4-CA0E5A4BB20B}.Debug|Any CPU.ActiveCfg = Debug|Any CPU
		{8E54B1E5-4775-4266-B0F4-CA0E5A4BB20B}.Debug|Any CPU.Build.0 = Debug|Any CPU
		{8E54B1E5-4775-4266-B0F4-CA0E5A4BB20B}.Release|Any CPU.ActiveCfg = Release|Any CPU
		{8E54B1E5-4775-4266-B0F4-CA0E5A4BB20B}.Release|Any CPU.Build.0 = Release|Any CPU
		{3751F235-F694-48F2-8778-0009F8BA8978}.Debug|Any CPU.ActiveCfg = Debug|Any CPU
		{3751F235-F694-48F2-8778-0009F8BA8978}.Debug|Any CPU.Build.0 = Debug|Any CPU
		{3751F235-F694-48F2-8778-0009F8BA8978}.Release|Any CPU.ActiveCfg = Release|Any CPU
		{3751F235-F694-48F2-8778-0009F8BA8978}.Release|Any CPU.Build.0 = Release|Any CPU
		{78C36458-98F0-4066-A2E7-05B3511A8923}.Debug|Any CPU.ActiveCfg = Debug|Any CPU
		{78C36458-98F0-4066-A2E7-05B3511A8923}.Debug|Any CPU.Build.0 = Debug|Any CPU
		{78C36458-98F0-4066-A2E7-05B3511A8923}.Release|Any CPU.ActiveCfg = Release|Any CPU
		{78C36458-98F0-4066-A2E7-05B3511A8923}.Release|Any CPU.Build.0 = Release|Any CPU
		{34DDC3F2-8E46-403E-89F6-730A569A9F43}.Debug|Any CPU.ActiveCfg = Debug|Any CPU
		{34DDC3F2-8E46-403E-89F6-730A569A9F43}.Debug|Any CPU.Build.0 = Debug|Any CPU
		{34DDC3F2-8E46-403E-89F6-730A569A9F43}.Release|Any CPU.ActiveCfg = Release|Any CPU
		{34DDC3F2-8E46-403E-89F6-730A569A9F43}.Release|Any CPU.Build.0 = Release|Any CPU
		{9D82D14E-E9F3-4EA5-A4AF-D9A4C0F2091E}.Debug|Any CPU.ActiveCfg = Debug|Any CPU
		{9D82D14E-E9F3-4EA5-A4AF-D9A4C0F2091E}.Debug|Any CPU.Build.0 = Debug|Any CPU
		{9D82D14E-E9F3-4EA5-A4AF-D9A4C0F2091E}.Release|Any CPU.ActiveCfg = Release|Any CPU
		{9D82D14E-E9F3-4EA5-A4AF-D9A4C0F2091E}.Release|Any CPU.Build.0 = Release|Any CPU
	EndGlobalSection
	GlobalSection(SolutionProperties) = preSolution
		HideSolutionNode = FALSE
	EndGlobalSection
	GlobalSection(ExtensibilityGlobals) = postSolution
		SolutionGuid = {0F659982-28A7-46CA-A0C8-C3251BC8CA37}
	EndGlobalSection
EndGlobal
