
Microsoft Visual Studio Solution File, Format Version 12.00
# Visual Studio Version 17
VisualStudioVersion = 17.5.33627.172
MinimumVisualStudioVersion = 10.0.40219.1
Project("{FAE04EC0-301F-11D3-BF4B-00C04F79EFBC}") = "Patika_.Net_C#", "Patika_.Net_C#.csproj", "{668AECC0-B375-48DB-BA3B-6F1C78BDA94C}"
EndProject
Project("{FAE04EC0-301F-11D3-BF4B-00C04F79EFBC}") = "Degisken", "Degisken\Degisken.csproj", "{227E5788-5146-4EB8-ADE3-1C4FBDF2BC19}"
EndProject
Project("{FAE04EC0-301F-11D3-BF4B-00C04F79EFBC}") = "Operatorler", "Operatorler\Operatorler.csproj", "{D5EAEF85-7B6F-44A3-BCF2-DABBEF3A1AFF}"
EndProject
Global
	GlobalSection(SolutionConfigurationPlatforms) = preSolution
		Debug|Any CPU = Debug|Any CPU
		Release|Any CPU = Release|Any CPU
	EndGlobalSection
	GlobalSection(ProjectConfigurationPlatforms) = postSolution
		{668AECC0-B375-48DB-BA3B-6F1C78BDA94C}.Debug|Any CPU.ActiveCfg = Debug|Any CPU
		{668AECC0-B375-48DB-BA3B-6F1C78BDA94C}.Debug|Any CPU.Build.0 = Debug|Any CPU
		{668AECC0-B375-48DB-BA3B-6F1C78BDA94C}.Release|Any CPU.ActiveCfg = Release|Any CPU
		{668AECC0-B375-48DB-BA3B-6F1C78BDA94C}.Release|Any CPU.Build.0 = Release|Any CPU
		{227E5788-5146-4EB8-ADE3-1C4FBDF2BC19}.Debug|Any CPU.ActiveCfg = Debug|Any CPU
		{227E5788-5146-4EB8-ADE3-1C4FBDF2BC19}.Debug|Any CPU.Build.0 = Debug|Any CPU
		{227E5788-5146-4EB8-ADE3-1C4FBDF2BC19}.Release|Any CPU.ActiveCfg = Release|Any CPU
		{227E5788-5146-4EB8-ADE3-1C4FBDF2BC19}.Release|Any CPU.Build.0 = Release|Any CPU
		{D5EAEF85-7B6F-44A3-BCF2-DABBEF3A1AFF}.Debug|Any CPU.ActiveCfg = Debug|Any CPU
		{D5EAEF85-7B6F-44A3-BCF2-DABBEF3A1AFF}.Debug|Any CPU.Build.0 = Debug|Any CPU
		{D5EAEF85-7B6F-44A3-BCF2-DABBEF3A1AFF}.Release|Any CPU.ActiveCfg = Release|Any CPU
		{D5EAEF85-7B6F-44A3-BCF2-DABBEF3A1AFF}.Release|Any CPU.Build.0 = Release|Any CPU
	EndGlobalSection
	GlobalSection(SolutionProperties) = preSolution
		HideSolutionNode = FALSE
	EndGlobalSection
	GlobalSection(ExtensibilityGlobals) = postSolution
		SolutionGuid = {0F659982-28A7-46CA-A0C8-C3251BC8CA37}
	EndGlobalSection
EndGlobal
